// !$*UTF8*$!
{
	archiveVersion = 1;
	classes = {
	};
	objectVersion = 50;
	objects = {

/* Begin PBXBuildFile section */
		D103ADA122445B7E0042D61A /* Aaya Lolo-44-MP3-128.mp3 in Resources */ = {isa = PBXBuildFile; fileRef = D103ADA022445B7E0042D61A /* Aaya Lolo-44-MP3-128.mp3 */; };
		D103ADA222445B7E0042D61A /* Aaya Lolo-44-MP3-128.mp3 in Resources */ = {isa = PBXBuildFile; fileRef = D103ADA022445B7E0042D61A /* Aaya Lolo-44-MP3-128.mp3 */; };
		D1444CB6224B959E00BCEDB7 /* Groove Blues.mp3 in Resources */ = {isa = PBXBuildFile; fileRef = D1444CB5224B959E00BCEDB7 /* Groove Blues.mp3 */; };
		D14FB2DA223779000042C4B3 /* AppDelegate.swift in Sources */ = {isa = PBXBuildFile; fileRef = D14FB2D9223779000042C4B3 /* AppDelegate.swift */; };
		D14FB2DC223779000042C4B3 /* RootViewController.swift in Sources */ = {isa = PBXBuildFile; fileRef = D14FB2DB223779000042C4B3 /* RootViewController.swift */; };
		D14FB2DF223779000042C4B3 /* Main.storyboard in Resources */ = {isa = PBXBuildFile; fileRef = D14FB2DD223779000042C4B3 /* Main.storyboard */; };
		D14FB2E1223779020042C4B3 /* Assets.xcassets in Resources */ = {isa = PBXBuildFile; fileRef = D14FB2E0223779020042C4B3 /* Assets.xcassets */; };
		D14FB2E4223779020042C4B3 /* LaunchScreen.storyboard in Resources */ = {isa = PBXBuildFile; fileRef = D14FB2E2223779020042C4B3 /* LaunchScreen.storyboard */; };
		D14FB2EF223779020042C4B3 /* AudioRenderTests.swift in Sources */ = {isa = PBXBuildFile; fileRef = D14FB2EE223779020042C4B3 /* AudioRenderTests.swift */; };
		D14FB2FA223779020042C4B3 /* AudioRenderUITests.swift in Sources */ = {isa = PBXBuildFile; fileRef = D14FB2F9223779020042C4B3 /* AudioRenderUITests.swift */; };
		D14FB30D22377A790042C4B3 /* AppConstants.swift in Sources */ = {isa = PBXBuildFile; fileRef = D14FB30C22377A790042C4B3 /* AppConstants.swift */; };
		D14FB30F22377ABE0042C4B3 /* ScrollerView.swift in Sources */ = {isa = PBXBuildFile; fileRef = D14FB30E22377ABE0042C4B3 /* ScrollerView.swift */; };
		D14FB31022377ABE0042C4B3 /* ScrollerView.swift in Sources */ = {isa = PBXBuildFile; fileRef = D14FB30E22377ABE0042C4B3 /* ScrollerView.swift */; };
		D14FB31222377AEE0042C4B3 /* SliderView.swift in Sources */ = {isa = PBXBuildFile; fileRef = D14FB31122377AEE0042C4B3 /* SliderView.swift */; };
		D14FB31322377AEE0042C4B3 /* SliderView.swift in Sources */ = {isa = PBXBuildFile; fileRef = D14FB31122377AEE0042C4B3 /* SliderView.swift */; };
		D14FB31522377B1B0042C4B3 /* WaveformView.swift in Sources */ = {isa = PBXBuildFile; fileRef = D14FB31422377B1B0042C4B3 /* WaveformView.swift */; };
		D14FB31622377B1B0042C4B3 /* WaveformView.swift in Sources */ = {isa = PBXBuildFile; fileRef = D14FB31422377B1B0042C4B3 /* WaveformView.swift */; };
		D14FB31822377B6E0042C4B3 /* WaveformViewContainer.swift in Sources */ = {isa = PBXBuildFile; fileRef = D14FB31722377B6E0042C4B3 /* WaveformViewContainer.swift */; };
		D14FB31922377B6E0042C4B3 /* WaveformViewContainer.swift in Sources */ = {isa = PBXBuildFile; fileRef = D14FB31722377B6E0042C4B3 /* WaveformViewContainer.swift */; };
		D14FB31F22377BB10042C4B3 /* Aaya Lolo-48-MP3-192.mp3 in Resources */ = {isa = PBXBuildFile; fileRef = D14FB31B22377BAE0042C4B3 /* Aaya Lolo-48-MP3-192.mp3 */; };
		D14FB32022377BB10042C4B3 /* Aaya Lolo-48-MP3-192.mp3 in Resources */ = {isa = PBXBuildFile; fileRef = D14FB31B22377BAE0042C4B3 /* Aaya Lolo-48-MP3-192.mp3 */; };
		D14FB32122377BB10042C4B3 /* Aaya Lolo-48-AAC-192.m4a in Resources */ = {isa = PBXBuildFile; fileRef = D14FB31C22377BAE0042C4B3 /* Aaya Lolo-48-AAC-192.m4a */; };
		D14FB32222377BB10042C4B3 /* Aaya Lolo-48-AAC-192.m4a in Resources */ = {isa = PBXBuildFile; fileRef = D14FB31C22377BAE0042C4B3 /* Aaya Lolo-48-AAC-192.m4a */; };
		D14FB32322377BB10042C4B3 /* Aaya Lolo-48-WAV.wav in Resources */ = {isa = PBXBuildFile; fileRef = D14FB31D22377BB00042C4B3 /* Aaya Lolo-48-WAV.wav */; };
		D14FB32422377BB10042C4B3 /* Aaya Lolo-48-WAV.wav in Resources */ = {isa = PBXBuildFile; fileRef = D14FB31D22377BB00042C4B3 /* Aaya Lolo-48-WAV.wav */; };
		D14FB32522377BB10042C4B3 /* Able Mable (LP Version).wav in Resources */ = {isa = PBXBuildFile; fileRef = D14FB31E22377BB10042C4B3 /* Able Mable (LP Version).wav */; };
		D14FB32622377BB10042C4B3 /* Able Mable (LP Version).wav in Resources */ = {isa = PBXBuildFile; fileRef = D14FB31E22377BB10042C4B3 /* Able Mable (LP Version).wav */; };
		D14FB32822377BDA0042C4B3 /* Logger.swift in Sources */ = {isa = PBXBuildFile; fileRef = D14FB32722377BDA0042C4B3 /* Logger.swift */; };
		D14FB32922377BDA0042C4B3 /* Logger.swift in Sources */ = {isa = PBXBuildFile; fileRef = D14FB32722377BDA0042C4B3 /* Logger.swift */; };
		D14FB32C22377C3D0042C4B3 /* AudioSessionPatch.m in Sources */ = {isa = PBXBuildFile; fileRef = D14FB32B22377C3D0042C4B3 /* AudioSessionPatch.m */; };
		D14FB32D22377C3D0042C4B3 /* AudioSessionPatch.m in Sources */ = {isa = PBXBuildFile; fileRef = D14FB32B22377C3D0042C4B3 /* AudioSessionPatch.m */; };
		D14FB33122377D160042C4B3 /* Protocols.swift in Sources */ = {isa = PBXBuildFile; fileRef = D14FB33022377D160042C4B3 /* Protocols.swift */; };
		D14FB33222377D160042C4B3 /* Protocols.swift in Sources */ = {isa = PBXBuildFile; fileRef = D14FB33022377D160042C4B3 /* Protocols.swift */; };
		D14FB33422377D3D0042C4B3 /* Extensions.swift in Sources */ = {isa = PBXBuildFile; fileRef = D14FB33322377D3D0042C4B3 /* Extensions.swift */; };
		D14FB33522377D3D0042C4B3 /* Extensions.swift in Sources */ = {isa = PBXBuildFile; fileRef = D14FB33322377D3D0042C4B3 /* Extensions.swift */; };
		D14FB33822377D770042C4B3 /* SampleBuffer.swift in Sources */ = {isa = PBXBuildFile; fileRef = D14FB33722377D770042C4B3 /* SampleBuffer.swift */; };
		D14FB33922377D770042C4B3 /* SampleBuffer.swift in Sources */ = {isa = PBXBuildFile; fileRef = D14FB33722377D770042C4B3 /* SampleBuffer.swift */; };
		D14FB33B22377DA80042C4B3 /* Sampler.swift in Sources */ = {isa = PBXBuildFile; fileRef = D14FB33A22377DA80042C4B3 /* Sampler.swift */; };
		D14FB33C22377DA80042C4B3 /* Sampler.swift in Sources */ = {isa = PBXBuildFile; fileRef = D14FB33A22377DA80042C4B3 /* Sampler.swift */; };
		D14FB33E22377DC50042C4B3 /* Signal.swift in Sources */ = {isa = PBXBuildFile; fileRef = D14FB33D22377DC50042C4B3 /* Signal.swift */; };
		D14FB33F22377DC50042C4B3 /* Signal.swift in Sources */ = {isa = PBXBuildFile; fileRef = D14FB33D22377DC50042C4B3 /* Signal.swift */; };
		D14FB34022377ED70042C4B3 /* Main.storyboard in Resources */ = {isa = PBXBuildFile; fileRef = D14FB2DD223779000042C4B3 /* Main.storyboard */; };
		D14FB34122377EDB0042C4B3 /* LaunchScreen.storyboard in Resources */ = {isa = PBXBuildFile; fileRef = D14FB2E2223779020042C4B3 /* LaunchScreen.storyboard */; };
		D14FB34222377EE00042C4B3 /* AppDelegate.swift in Sources */ = {isa = PBXBuildFile; fileRef = D14FB2D9223779000042C4B3 /* AppDelegate.swift */; };
		D14FB34322377EE50042C4B3 /* AppConstants.swift in Sources */ = {isa = PBXBuildFile; fileRef = D14FB30C22377A790042C4B3 /* AppConstants.swift */; };
		D14FB34422377EEC0042C4B3 /* RootViewController.swift in Sources */ = {isa = PBXBuildFile; fileRef = D14FB2DB223779000042C4B3 /* RootViewController.swift */; };
		D1568745223CAF5300FAB8A0 /* CGPathInjector.m in Sources */ = {isa = PBXBuildFile; fileRef = D1568744223CAF5300FAB8A0 /* CGPathInjector.m */; };
		D1568746223CAF5300FAB8A0 /* CGPathInjector.m in Sources */ = {isa = PBXBuildFile; fileRef = D1568744223CAF5300FAB8A0 /* CGPathInjector.m */; };
		D16B76562238B24D00953FC7 /* Statistics.swift in Sources */ = {isa = PBXBuildFile; fileRef = D16B76552238B24D00953FC7 /* Statistics.swift */; };
		D16B76572238B24D00953FC7 /* Statistics.swift in Sources */ = {isa = PBXBuildFile; fileRef = D16B76552238B24D00953FC7 /* Statistics.swift */; };
/* End PBXBuildFile section */

/* Begin PBXContainerItemProxy section */
		D14FB2EB223779020042C4B3 /* PBXContainerItemProxy */ = {
			isa = PBXContainerItemProxy;
			containerPortal = D14FB2CE223779000042C4B3 /* Project object */;
			proxyType = 1;
			remoteGlobalIDString = D14FB2D5223779000042C4B3;
			remoteInfo = AudioRender;
		};
		D14FB2F6223779020042C4B3 /* PBXContainerItemProxy */ = {
			isa = PBXContainerItemProxy;
			containerPortal = D14FB2CE223779000042C4B3 /* Project object */;
			proxyType = 1;
			remoteGlobalIDString = D14FB2D5223779000042C4B3;
			remoteInfo = AudioRender;
		};
/* End PBXContainerItemProxy section */

/* Begin PBXFileReference section */
		D103ADA022445B7E0042D61A /* Aaya Lolo-44-MP3-128.mp3 */ = {isa = PBXFileReference; lastKnownFileType = audio.mp3; path = "Aaya Lolo-44-MP3-128.mp3"; sourceTree = "<group>"; };
		D1444CB5224B959E00BCEDB7 /* Groove Blues.mp3 */ = {isa = PBXFileReference; lastKnownFileType = audio.mp3; path = "Groove Blues.mp3"; sourceTree = "<group>"; };
		D14FB2D6223779000042C4B3 /* AudioRender.app */ = {isa = PBXFileReference; explicitFileType = wrapper.application; includeInIndex = 0; path = AudioRender.app; sourceTree = BUILT_PRODUCTS_DIR; };
		D14FB2D9223779000042C4B3 /* AppDelegate.swift */ = {isa = PBXFileReference; lastKnownFileType = sourcecode.swift; path = AppDelegate.swift; sourceTree = "<group>"; };
		D14FB2DB223779000042C4B3 /* RootViewController.swift */ = {isa = PBXFileReference; lastKnownFileType = sourcecode.swift; path = RootViewController.swift; sourceTree = "<group>"; };
		D14FB2DE223779000042C4B3 /* Base */ = {isa = PBXFileReference; lastKnownFileType = file.storyboard; name = Base; path = Base.lproj/Main.storyboard; sourceTree = "<group>"; };
		D14FB2E0223779020042C4B3 /* Assets.xcassets */ = {isa = PBXFileReference; lastKnownFileType = folder.assetcatalog; path = Assets.xcassets; sourceTree = "<group>"; };
		D14FB2E3223779020042C4B3 /* Base */ = {isa = PBXFileReference; lastKnownFileType = file.storyboard; name = Base; path = Base.lproj/LaunchScreen.storyboard; sourceTree = "<group>"; };
		D14FB2E5223779020042C4B3 /* Info.plist */ = {isa = PBXFileReference; lastKnownFileType = text.plist.xml; path = Info.plist; sourceTree = "<group>"; };
		D14FB2EA223779020042C4B3 /* AudioRenderTests.xctest */ = {isa = PBXFileReference; explicitFileType = wrapper.cfbundle; includeInIndex = 0; path = AudioRenderTests.xctest; sourceTree = BUILT_PRODUCTS_DIR; };
		D14FB2EE223779020042C4B3 /* AudioRenderTests.swift */ = {isa = PBXFileReference; lastKnownFileType = sourcecode.swift; path = AudioRenderTests.swift; sourceTree = "<group>"; };
		D14FB2F0223779020042C4B3 /* Info.plist */ = {isa = PBXFileReference; lastKnownFileType = text.plist.xml; path = Info.plist; sourceTree = "<group>"; };
		D14FB2F5223779020042C4B3 /* AudioRenderUITests.xctest */ = {isa = PBXFileReference; explicitFileType = wrapper.cfbundle; includeInIndex = 0; path = AudioRenderUITests.xctest; sourceTree = BUILT_PRODUCTS_DIR; };
		D14FB2F9223779020042C4B3 /* AudioRenderUITests.swift */ = {isa = PBXFileReference; lastKnownFileType = sourcecode.swift; path = AudioRenderUITests.swift; sourceTree = "<group>"; };
		D14FB2FB223779020042C4B3 /* Info.plist */ = {isa = PBXFileReference; lastKnownFileType = text.plist.xml; path = Info.plist; sourceTree = "<group>"; };
		D14FB30C22377A790042C4B3 /* AppConstants.swift */ = {isa = PBXFileReference; lastKnownFileType = sourcecode.swift; path = AppConstants.swift; sourceTree = "<group>"; };
		D14FB30E22377ABE0042C4B3 /* ScrollerView.swift */ = {isa = PBXFileReference; lastKnownFileType = sourcecode.swift; path = ScrollerView.swift; sourceTree = "<group>"; };
		D14FB31122377AEE0042C4B3 /* SliderView.swift */ = {isa = PBXFileReference; lastKnownFileType = sourcecode.swift; path = SliderView.swift; sourceTree = "<group>"; };
		D14FB31422377B1B0042C4B3 /* WaveformView.swift */ = {isa = PBXFileReference; lastKnownFileType = sourcecode.swift; path = WaveformView.swift; sourceTree = "<group>"; };
		D14FB31722377B6E0042C4B3 /* WaveformViewContainer.swift */ = {isa = PBXFileReference; lastKnownFileType = sourcecode.swift; path = WaveformViewContainer.swift; sourceTree = "<group>"; };
		D14FB31B22377BAE0042C4B3 /* Aaya Lolo-48-MP3-192.mp3 */ = {isa = PBXFileReference; lastKnownFileType = audio.mp3; path = "Aaya Lolo-48-MP3-192.mp3"; sourceTree = "<group>"; };
		D14FB31C22377BAE0042C4B3 /* Aaya Lolo-48-AAC-192.m4a */ = {isa = PBXFileReference; lastKnownFileType = file; path = "Aaya Lolo-48-AAC-192.m4a"; sourceTree = "<group>"; };
		D14FB31D22377BB00042C4B3 /* Aaya Lolo-48-WAV.wav */ = {isa = PBXFileReference; lastKnownFileType = audio.wav; path = "Aaya Lolo-48-WAV.wav"; sourceTree = "<group>"; };
		D14FB31E22377BB10042C4B3 /* Able Mable (LP Version).wav */ = {isa = PBXFileReference; lastKnownFileType = audio.wav; path = "Able Mable (LP Version).wav"; sourceTree = "<group>"; };
		D14FB32722377BDA0042C4B3 /* Logger.swift */ = {isa = PBXFileReference; lastKnownFileType = sourcecode.swift; path = Logger.swift; sourceTree = "<group>"; };
		D14FB32A22377C0A0042C4B3 /* AudioSessionPatch.h */ = {isa = PBXFileReference; lastKnownFileType = sourcecode.c.h; path = AudioSessionPatch.h; sourceTree = "<group>"; };
		D14FB32B22377C3D0042C4B3 /* AudioSessionPatch.m */ = {isa = PBXFileReference; lastKnownFileType = sourcecode.c.objc; path = AudioSessionPatch.m; sourceTree = "<group>"; };
		D14FB32E22377CB40042C4B3 /* AudioRender-Bridging-Header.h */ = {isa = PBXFileReference; lastKnownFileType = sourcecode.c.h; path = "AudioRender-Bridging-Header.h"; sourceTree = "<group>"; };
		D14FB32F22377CE70042C4B3 /* AudioRenderTests-Bridging-Header.h */ = {isa = PBXFileReference; lastKnownFileType = sourcecode.c.h; path = "AudioRenderTests-Bridging-Header.h"; sourceTree = "<group>"; };
		D14FB33022377D160042C4B3 /* Protocols.swift */ = {isa = PBXFileReference; lastKnownFileType = sourcecode.swift; path = Protocols.swift; sourceTree = "<group>"; };
		D14FB33322377D3D0042C4B3 /* Extensions.swift */ = {isa = PBXFileReference; lastKnownFileType = sourcecode.swift; path = Extensions.swift; sourceTree = "<group>"; };
		D14FB33722377D770042C4B3 /* SampleBuffer.swift */ = {isa = PBXFileReference; lastKnownFileType = sourcecode.swift; path = SampleBuffer.swift; sourceTree = "<group>"; };
		D14FB33A22377DA80042C4B3 /* Sampler.swift */ = {isa = PBXFileReference; lastKnownFileType = sourcecode.swift; path = Sampler.swift; sourceTree = "<group>"; };
		D14FB33D22377DC50042C4B3 /* Signal.swift */ = {isa = PBXFileReference; lastKnownFileType = sourcecode.swift; path = Signal.swift; sourceTree = "<group>"; };
		D1568744223CAF5300FAB8A0 /* CGPathInjector.m */ = {isa = PBXFileReference; lastKnownFileType = sourcecode.c.objc; path = CGPathInjector.m; sourceTree = "<group>"; };
		D1568747223CAF7500FAB8A0 /* CGPathInjector.h */ = {isa = PBXFileReference; lastKnownFileType = sourcecode.c.h; path = CGPathInjector.h; sourceTree = "<group>"; };
		D16B76552238B24D00953FC7 /* Statistics.swift */ = {isa = PBXFileReference; lastKnownFileType = sourcecode.swift; path = Statistics.swift; sourceTree = "<group>"; };
/* End PBXFileReference section */

/* Begin PBXFrameworksBuildPhase section */
		D14FB2D3223779000042C4B3 /* Frameworks */ = {
			isa = PBXFrameworksBuildPhase;
			buildActionMask = 2147483647;
			files = (
			);
			runOnlyForDeploymentPostprocessing = 0;
		};
		D14FB2E7223779020042C4B3 /* Frameworks */ = {
			isa = PBXFrameworksBuildPhase;
			buildActionMask = 2147483647;
			files = (
			);
			runOnlyForDeploymentPostprocessing = 0;
		};
		D14FB2F2223779020042C4B3 /* Frameworks */ = {
			isa = PBXFrameworksBuildPhase;
			buildActionMask = 2147483647;
			files = (
			);
			runOnlyForDeploymentPostprocessing = 0;
		};
/* End PBXFrameworksBuildPhase section */

/* Begin PBXGroup section */
		D14FB2CD223779000042C4B3 = {
			isa = PBXGroup;
			children = (
				D14FB2D8223779000042C4B3 /* AudioRender */,
				D14FB2ED223779020042C4B3 /* AudioRenderTests */,
				D14FB2F8223779020042C4B3 /* AudioRenderUITests */,
				D14FB2D7223779000042C4B3 /* Products */,
			);
			sourceTree = "<group>";
		};
		D14FB2D7223779000042C4B3 /* Products */ = {
			isa = PBXGroup;
			children = (
				D14FB2D6223779000042C4B3 /* AudioRender.app */,
				D14FB2EA223779020042C4B3 /* AudioRenderTests.xctest */,
				D14FB2F5223779020042C4B3 /* AudioRenderUITests.xctest */,
			);
			name = Products;
			sourceTree = "<group>";
		};
		D14FB2D8223779000042C4B3 /* AudioRender */ = {
			isa = PBXGroup;
			children = (
				D14FB2DD223779000042C4B3 /* Main.storyboard */,
				D14FB2E2223779020042C4B3 /* LaunchScreen.storyboard */,
				D14FB2D9223779000042C4B3 /* AppDelegate.swift */,
				D14FB30C22377A790042C4B3 /* AppConstants.swift */,
				D14FB3072237792A0042C4B3 /* ViewControllers */,
				D14FB308223779380042C4B3 /* Views */,
				D14FB33622377D610042C4B3 /* Sampler */,
				D14FB309223779420042C4B3 /* Utilities */,
				D14FB30B2237795D0042C4B3 /* Protocols */,
				D14FB30A223779520042C4B3 /* Extensions */,
				D14FB31A22377B900042C4B3 /* Audio */,
				D14FB2E0223779020042C4B3 /* Assets.xcassets */,
				D14FB2E5223779020042C4B3 /* Info.plist */,
			);
			path = AudioRender;
			sourceTree = "<group>";
		};
		D14FB2ED223779020042C4B3 /* AudioRenderTests */ = {
			isa = PBXGroup;
			children = (
				D14FB2EE223779020042C4B3 /* AudioRenderTests.swift */,
				D14FB2F0223779020042C4B3 /* Info.plist */,
			);
			path = AudioRenderTests;
			sourceTree = "<group>";
		};
		D14FB2F8223779020042C4B3 /* AudioRenderUITests */ = {
			isa = PBXGroup;
			children = (
				D14FB2F9223779020042C4B3 /* AudioRenderUITests.swift */,
				D14FB2FB223779020042C4B3 /* Info.plist */,
			);
			path = AudioRenderUITests;
			sourceTree = "<group>";
		};
		D14FB3072237792A0042C4B3 /* ViewControllers */ = {
			isa = PBXGroup;
			children = (
				D14FB2DB223779000042C4B3 /* RootViewController.swift */,
				D14FB31722377B6E0042C4B3 /* WaveformViewContainer.swift */,
			);
			path = ViewControllers;
			sourceTree = "<group>";
		};
		D14FB308223779380042C4B3 /* Views */ = {
			isa = PBXGroup;
			children = (
				D14FB30E22377ABE0042C4B3 /* ScrollerView.swift */,
				D14FB31122377AEE0042C4B3 /* SliderView.swift */,
				D14FB31422377B1B0042C4B3 /* WaveformView.swift */,
			);
			path = Views;
			sourceTree = "<group>";
		};
		D14FB309223779420042C4B3 /* Utilities */ = {
			isa = PBXGroup;
			children = (
				D14FB32722377BDA0042C4B3 /* Logger.swift */,
				D14FB32A22377C0A0042C4B3 /* AudioSessionPatch.h */,
				D14FB32B22377C3D0042C4B3 /* AudioSessionPatch.m */,
				D14FB32E22377CB40042C4B3 /* AudioRender-Bridging-Header.h */,
				D14FB32F22377CE70042C4B3 /* AudioRenderTests-Bridging-Header.h */,
				D14FB33D22377DC50042C4B3 /* Signal.swift */,
				D16B76552238B24D00953FC7 /* Statistics.swift */,
				D1568744223CAF5300FAB8A0 /* CGPathInjector.m */,
				D1568747223CAF7500FAB8A0 /* CGPathInjector.h */,
			);
			path = Utilities;
			sourceTree = "<group>";
		};
		D14FB30A223779520042C4B3 /* Extensions */ = {
			isa = PBXGroup;
			children = (
				D14FB33322377D3D0042C4B3 /* Extensions.swift */,
			);
			path = Extensions;
			sourceTree = "<group>";
		};
		D14FB30B2237795D0042C4B3 /* Protocols */ = {
			isa = PBXGroup;
			children = (
				D14FB33022377D160042C4B3 /* Protocols.swift */,
			);
			path = Protocols;
			sourceTree = "<group>";
		};
		D14FB31A22377B900042C4B3 /* Audio */ = {
			isa = PBXGroup;
			children = (
				D1444CB5224B959E00BCEDB7 /* Groove Blues.mp3 */,
				D103ADA022445B7E0042D61A /* Aaya Lolo-44-MP3-128.mp3 */,
				D14FB31C22377BAE0042C4B3 /* Aaya Lolo-48-AAC-192.m4a */,
				D14FB31B22377BAE0042C4B3 /* Aaya Lolo-48-MP3-192.mp3 */,
				D14FB31D22377BB00042C4B3 /* Aaya Lolo-48-WAV.wav */,
				D14FB31E22377BB10042C4B3 /* Able Mable (LP Version).wav */,
			);
			path = Audio;
			sourceTree = "<group>";
		};
		D14FB33622377D610042C4B3 /* Sampler */ = {
			isa = PBXGroup;
			children = (
				D14FB33722377D770042C4B3 /* SampleBuffer.swift */,
				D14FB33A22377DA80042C4B3 /* Sampler.swift */,
			);
			path = Sampler;
			sourceTree = "<group>";
		};
/* End PBXGroup section */

/* Begin PBXNativeTarget section */
		D14FB2D5223779000042C4B3 /* AudioRender */ = {
			isa = PBXNativeTarget;
			buildConfigurationList = D14FB2FE223779020042C4B3 /* Build configuration list for PBXNativeTarget "AudioRender" */;
			buildPhases = (
				D14FB2D2223779000042C4B3 /* Sources */,
				D14FB2D3223779000042C4B3 /* Frameworks */,
				D14FB2D4223779000042C4B3 /* Resources */,
			);
			buildRules = (
			);
			dependencies = (
			);
			name = AudioRender;
			productName = AudioRender;
			productReference = D14FB2D6223779000042C4B3 /* AudioRender.app */;
			productType = "com.apple.product-type.application";
		};
		D14FB2E9223779020042C4B3 /* AudioRenderTests */ = {
			isa = PBXNativeTarget;
			buildConfigurationList = D14FB301223779020042C4B3 /* Build configuration list for PBXNativeTarget "AudioRenderTests" */;
			buildPhases = (
				D14FB2E6223779020042C4B3 /* Sources */,
				D14FB2E7223779020042C4B3 /* Frameworks */,
				D14FB2E8223779020042C4B3 /* Resources */,
			);
			buildRules = (
			);
			dependencies = (
				D14FB2EC223779020042C4B3 /* PBXTargetDependency */,
			);
			name = AudioRenderTests;
			productName = AudioRenderTests;
			productReference = D14FB2EA223779020042C4B3 /* AudioRenderTests.xctest */;
			productType = "com.apple.product-type.bundle.unit-test";
		};
		D14FB2F4223779020042C4B3 /* AudioRenderUITests */ = {
			isa = PBXNativeTarget;
			buildConfigurationList = D14FB304223779020042C4B3 /* Build configuration list for PBXNativeTarget "AudioRenderUITests" */;
			buildPhases = (
				D14FB2F1223779020042C4B3 /* Sources */,
				D14FB2F2223779020042C4B3 /* Frameworks */,
				D14FB2F3223779020042C4B3 /* Resources */,
			);
			buildRules = (
			);
			dependencies = (
				D14FB2F7223779020042C4B3 /* PBXTargetDependency */,
			);
			name = AudioRenderUITests;
			productName = AudioRenderUITests;
			productReference = D14FB2F5223779020042C4B3 /* AudioRenderUITests.xctest */;
			productType = "com.apple.product-type.bundle.ui-testing";
		};
/* End PBXNativeTarget section */

/* Begin PBXProject section */
		D14FB2CE223779000042C4B3 /* Project object */ = {
			isa = PBXProject;
			attributes = {
				LastSwiftUpdateCheck = 1010;
				LastUpgradeCheck = 1010;
				ORGANIZATIONNAME = "___EKKO-TECH LTD___";
				TargetAttributes = {
					D14FB2D5223779000042C4B3 = {
						CreatedOnToolsVersion = 10.1;
						LastSwiftMigration = 1010;
					};
					D14FB2E9223779020042C4B3 = {
						CreatedOnToolsVersion = 10.1;
						LastSwiftMigration = 1010;
						TestTargetID = D14FB2D5223779000042C4B3;
					};
					D14FB2F4223779020042C4B3 = {
						CreatedOnToolsVersion = 10.1;
						TestTargetID = D14FB2D5223779000042C4B3;
					};
				};
			};
			buildConfigurationList = D14FB2D1223779000042C4B3 /* Build configuration list for PBXProject "AudioRender" */;
			compatibilityVersion = "Xcode 9.3";
			developmentRegion = en;
			hasScannedForEncodings = 0;
			knownRegions = (
				en,
				Base,
			);
			mainGroup = D14FB2CD223779000042C4B3;
			productRefGroup = D14FB2D7223779000042C4B3 /* Products */;
			projectDirPath = "";
			projectRoot = "";
			targets = (
				D14FB2D5223779000042C4B3 /* AudioRender */,
				D14FB2E9223779020042C4B3 /* AudioRenderTests */,
				D14FB2F4223779020042C4B3 /* AudioRenderUITests */,
			);
		};
/* End PBXProject section */

/* Begin PBXResourcesBuildPhase section */
		D14FB2D4223779000042C4B3 /* Resources */ = {
			isa = PBXResourcesBuildPhase;
			buildActionMask = 2147483647;
			files = (
				D14FB2E4223779020042C4B3 /* LaunchScreen.storyboard in Resources */,
				D14FB2E1223779020042C4B3 /* Assets.xcassets in Resources */,
				D103ADA122445B7E0042D61A /* Aaya Lolo-44-MP3-128.mp3 in Resources */,
				D14FB2DF223779000042C4B3 /* Main.storyboard in Resources */,
				D14FB31F22377BB10042C4B3 /* Aaya Lolo-48-MP3-192.mp3 in Resources */,
				D14FB32322377BB10042C4B3 /* Aaya Lolo-48-WAV.wav in Resources */,
				D14FB32522377BB10042C4B3 /* Able Mable (LP Version).wav in Resources */,
				D1444CB6224B959E00BCEDB7 /* Groove Blues.mp3 in Resources */,
				D14FB32122377BB10042C4B3 /* Aaya Lolo-48-AAC-192.m4a in Resources */,
			);
			runOnlyForDeploymentPostprocessing = 0;
		};
		D14FB2E8223779020042C4B3 /* Resources */ = {
			isa = PBXResourcesBuildPhase;
			buildActionMask = 2147483647;
			files = (
				D14FB32222377BB10042C4B3 /* Aaya Lolo-48-AAC-192.m4a in Resources */,
				D103ADA222445B7E0042D61A /* Aaya Lolo-44-MP3-128.mp3 in Resources */,
				D14FB32422377BB10042C4B3 /* Aaya Lolo-48-WAV.wav in Resources */,
				D14FB32022377BB10042C4B3 /* Aaya Lolo-48-MP3-192.mp3 in Resources */,
				D14FB32622377BB10042C4B3 /* Able Mable (LP Version).wav in Resources */,
			);
			runOnlyForDeploymentPostprocessing = 0;
		};
		D14FB2F3223779020042C4B3 /* Resources */ = {
			isa = PBXResourcesBuildPhase;
			buildActionMask = 2147483647;
			files = (
				D14FB34022377ED70042C4B3 /* Main.storyboard in Resources */,
				D14FB34122377EDB0042C4B3 /* LaunchScreen.storyboard in Resources */,
			);
			runOnlyForDeploymentPostprocessing = 0;
		};
/* End PBXResourcesBuildPhase section */

/* Begin PBXSourcesBuildPhase section */
		D14FB2D2223779000042C4B3 /* Sources */ = {
			isa = PBXSourcesBuildPhase;
			buildActionMask = 2147483647;
			files = (
				D1568745223CAF5300FAB8A0 /* CGPathInjector.m in Sources */,
				D14FB2DC223779000042C4B3 /* RootViewController.swift in Sources */,
				D14FB33E22377DC50042C4B3 /* Signal.swift in Sources */,
				D14FB33822377D770042C4B3 /* SampleBuffer.swift in Sources */,
				D14FB31822377B6E0042C4B3 /* WaveformViewContainer.swift in Sources */,
				D14FB30D22377A790042C4B3 /* AppConstants.swift in Sources */,
				D14FB32C22377C3D0042C4B3 /* AudioSessionPatch.m in Sources */,
				D14FB30F22377ABE0042C4B3 /* ScrollerView.swift in Sources */,
				D14FB33122377D160042C4B3 /* Protocols.swift in Sources */,
				D14FB2DA223779000042C4B3 /* AppDelegate.swift in Sources */,
				D14FB33B22377DA80042C4B3 /* Sampler.swift in Sources */,
				D14FB31222377AEE0042C4B3 /* SliderView.swift in Sources */,
				D14FB31522377B1B0042C4B3 /* WaveformView.swift in Sources */,
				D14FB33422377D3D0042C4B3 /* Extensions.swift in Sources */,
				D16B76562238B24D00953FC7 /* Statistics.swift in Sources */,
				D14FB32822377BDA0042C4B3 /* Logger.swift in Sources */,
			);
			runOnlyForDeploymentPostprocessing = 0;
		};
		D14FB2E6223779020042C4B3 /* Sources */ = {
			isa = PBXSourcesBuildPhase;
			buildActionMask = 2147483647;
			files = (
				D14FB31322377AEE0042C4B3 /* SliderView.swift in Sources */,
				D14FB33F22377DC50042C4B3 /* Signal.swift in Sources */,
				D14FB33522377D3D0042C4B3 /* Extensions.swift in Sources */,
				D14FB32922377BDA0042C4B3 /* Logger.swift in Sources */,
				D1568746223CAF5300FAB8A0 /* CGPathInjector.m in Sources */,
				D14FB32D22377C3D0042C4B3 /* AudioSessionPatch.m in Sources */,
				D14FB34422377EEC0042C4B3 /* RootViewController.swift in Sources */,
				D16B76572238B24D00953FC7 /* Statistics.swift in Sources */,
				D14FB31022377ABE0042C4B3 /* ScrollerView.swift in Sources */,
				D14FB31922377B6E0042C4B3 /* WaveformViewContainer.swift in Sources */,
				D14FB33C22377DA80042C4B3 /* Sampler.swift in Sources */,
				D14FB34222377EE00042C4B3 /* AppDelegate.swift in Sources */,
				D14FB2EF223779020042C4B3 /* AudioRenderTests.swift in Sources */,
				D14FB33922377D770042C4B3 /* SampleBuffer.swift in Sources */,
				D14FB34322377EE50042C4B3 /* AppConstants.swift in Sources */,
				D14FB31622377B1B0042C4B3 /* WaveformView.swift in Sources */,
				D14FB33222377D160042C4B3 /* Protocols.swift in Sources */,
			);
			runOnlyForDeploymentPostprocessing = 0;
		};
		D14FB2F1223779020042C4B3 /* Sources */ = {
			isa = PBXSourcesBuildPhase;
			buildActionMask = 2147483647;
			files = (
				D14FB2FA223779020042C4B3 /* AudioRenderUITests.swift in Sources */,
			);
			runOnlyForDeploymentPostprocessing = 0;
		};
/* End PBXSourcesBuildPhase section */

/* Begin PBXTargetDependency section */
		D14FB2EC223779020042C4B3 /* PBXTargetDependency */ = {
			isa = PBXTargetDependency;
			target = D14FB2D5223779000042C4B3 /* AudioRender */;
			targetProxy = D14FB2EB223779020042C4B3 /* PBXContainerItemProxy */;
		};
		D14FB2F7223779020042C4B3 /* PBXTargetDependency */ = {
			isa = PBXTargetDependency;
			target = D14FB2D5223779000042C4B3 /* AudioRender */;
			targetProxy = D14FB2F6223779020042C4B3 /* PBXContainerItemProxy */;
		};
/* End PBXTargetDependency section */

/* Begin PBXVariantGroup section */
		D14FB2DD223779000042C4B3 /* Main.storyboard */ = {
			isa = PBXVariantGroup;
			children = (
				D14FB2DE223779000042C4B3 /* Base */,
			);
			name = Main.storyboard;
			sourceTree = "<group>";
		};
		D14FB2E2223779020042C4B3 /* LaunchScreen.storyboard */ = {
			isa = PBXVariantGroup;
			children = (
				D14FB2E3223779020042C4B3 /* Base */,
			);
			name = LaunchScreen.storyboard;
			sourceTree = "<group>";
		};
/* End PBXVariantGroup section */

/* Begin XCBuildConfiguration section */
		D14FB2FC223779020042C4B3 /* Debug */ = {
			isa = XCBuildConfiguration;
			buildSettings = {
				ALWAYS_SEARCH_USER_PATHS = NO;
				CLANG_ANALYZER_NONNULL = YES;
				CLANG_ANALYZER_NUMBER_OBJECT_CONVERSION = YES_AGGRESSIVE;
				CLANG_CXX_LANGUAGE_STANDARD = "gnu++14";
				CLANG_CXX_LIBRARY = "libc++";
				CLANG_ENABLE_MODULES = YES;
				CLANG_ENABLE_OBJC_ARC = YES;
				CLANG_ENABLE_OBJC_WEAK = YES;
				CLANG_WARN_BLOCK_CAPTURE_AUTORELEASING = YES;
				CLANG_WARN_BOOL_CONVERSION = YES;
				CLANG_WARN_COMMA = YES;
				CLANG_WARN_CONSTANT_CONVERSION = YES;
				CLANG_WARN_DEPRECATED_OBJC_IMPLEMENTATIONS = YES;
				CLANG_WARN_DIRECT_OBJC_ISA_USAGE = YES_ERROR;
				CLANG_WARN_DOCUMENTATION_COMMENTS = YES;
				CLANG_WARN_EMPTY_BODY = YES;
				CLANG_WARN_ENUM_CONVERSION = YES;
				CLANG_WARN_INFINITE_RECURSION = YES;
				CLANG_WARN_INT_CONVERSION = YES;
				CLANG_WARN_NON_LITERAL_NULL_CONVERSION = YES;
				CLANG_WARN_OBJC_IMPLICIT_RETAIN_SELF = YES;
				CLANG_WARN_OBJC_LITERAL_CONVERSION = YES;
				CLANG_WARN_OBJC_ROOT_CLASS = YES_ERROR;
				CLANG_WARN_RANGE_LOOP_ANALYSIS = YES;
				CLANG_WARN_STRICT_PROTOTYPES = YES;
				CLANG_WARN_SUSPICIOUS_MOVE = YES;
				CLANG_WARN_UNGUARDED_AVAILABILITY = YES_AGGRESSIVE;
				CLANG_WARN_UNREACHABLE_CODE = YES;
				CLANG_WARN__DUPLICATE_METHOD_MATCH = YES;
				CODE_SIGN_IDENTITY = "iPhone Developer";
				COPY_PHASE_STRIP = NO;
				DEBUG_INFORMATION_FORMAT = dwarf;
				ENABLE_STRICT_OBJC_MSGSEND = YES;
				ENABLE_TESTABILITY = YES;
				GCC_C_LANGUAGE_STANDARD = gnu11;
				GCC_DYNAMIC_NO_PIC = NO;
				GCC_NO_COMMON_BLOCKS = YES;
				GCC_OPTIMIZATION_LEVEL = 0;
				GCC_PREPROCESSOR_DEFINITIONS = (
					"DEBUG=1",
					"$(inherited)",
				);
				GCC_WARN_64_TO_32_BIT_CONVERSION = YES;
				GCC_WARN_ABOUT_RETURN_TYPE = YES_ERROR;
				GCC_WARN_UNDECLARED_SELECTOR = YES;
				GCC_WARN_UNINITIALIZED_AUTOS = YES_AGGRESSIVE;
				GCC_WARN_UNUSED_FUNCTION = YES;
				GCC_WARN_UNUSED_VARIABLE = YES;
				IPHONEOS_DEPLOYMENT_TARGET = 12.1;
				MTL_ENABLE_DEBUG_INFO = INCLUDE_SOURCE;
				MTL_FAST_MATH = YES;
				ONLY_ACTIVE_ARCH = YES;
				SDKROOT = iphoneos;
				SWIFT_ACTIVE_COMPILATION_CONDITIONS = DEBUG;
				SWIFT_OPTIMIZATION_LEVEL = "-Onone";
			};
			name = Debug;
		};
		D14FB2FD223779020042C4B3 /* Release */ = {
			isa = XCBuildConfiguration;
			buildSettings = {
				ALWAYS_SEARCH_USER_PATHS = NO;
				CLANG_ANALYZER_NONNULL = YES;
				CLANG_ANALYZER_NUMBER_OBJECT_CONVERSION = YES_AGGRESSIVE;
				CLANG_CXX_LANGUAGE_STANDARD = "gnu++14";
				CLANG_CXX_LIBRARY = "libc++";
				CLANG_ENABLE_MODULES = YES;
				CLANG_ENABLE_OBJC_ARC = YES;
				CLANG_ENABLE_OBJC_WEAK = YES;
				CLANG_WARN_BLOCK_CAPTURE_AUTORELEASING = YES;
				CLANG_WARN_BOOL_CONVERSION = YES;
				CLANG_WARN_COMMA = YES;
				CLANG_WARN_CONSTANT_CONVERSION = YES;
				CLANG_WARN_DEPRECATED_OBJC_IMPLEMENTATIONS = YES;
				CLANG_WARN_DIRECT_OBJC_ISA_USAGE = YES_ERROR;
				CLANG_WARN_DOCUMENTATION_COMMENTS = YES;
				CLANG_WARN_EMPTY_BODY = YES;
				CLANG_WARN_ENUM_CONVERSION = YES;
				CLANG_WARN_INFINITE_RECURSION = YES;
				CLANG_WARN_INT_CONVERSION = YES;
				CLANG_WARN_NON_LITERAL_NULL_CONVERSION = YES;
				CLANG_WARN_OBJC_IMPLICIT_RETAIN_SELF = YES;
				CLANG_WARN_OBJC_LITERAL_CONVERSION = YES;
				CLANG_WARN_OBJC_ROOT_CLASS = YES_ERROR;
				CLANG_WARN_RANGE_LOOP_ANALYSIS = YES;
				CLANG_WARN_STRICT_PROTOTYPES = YES;
				CLANG_WARN_SUSPICIOUS_MOVE = YES;
				CLANG_WARN_UNGUARDED_AVAILABILITY = YES_AGGRESSIVE;
				CLANG_WARN_UNREACHABLE_CODE = YES;
				CLANG_WARN__DUPLICATE_METHOD_MATCH = YES;
				CODE_SIGN_IDENTITY = "iPhone Developer";
				COPY_PHASE_STRIP = NO;
				DEBUG_INFORMATION_FORMAT = "dwarf-with-dsym";
				ENABLE_NS_ASSERTIONS = NO;
				ENABLE_STRICT_OBJC_MSGSEND = YES;
				GCC_C_LANGUAGE_STANDARD = gnu11;
				GCC_NO_COMMON_BLOCKS = YES;
				GCC_WARN_64_TO_32_BIT_CONVERSION = YES;
				GCC_WARN_ABOUT_RETURN_TYPE = YES_ERROR;
				GCC_WARN_UNDECLARED_SELECTOR = YES;
				GCC_WARN_UNINITIALIZED_AUTOS = YES_AGGRESSIVE;
				GCC_WARN_UNUSED_FUNCTION = YES;
				GCC_WARN_UNUSED_VARIABLE = YES;
				IPHONEOS_DEPLOYMENT_TARGET = 12.1;
				MTL_ENABLE_DEBUG_INFO = NO;
				MTL_FAST_MATH = YES;
				SDKROOT = iphoneos;
				SWIFT_COMPILATION_MODE = wholemodule;
				SWIFT_OPTIMIZATION_LEVEL = "-O";
				VALIDATE_PRODUCT = YES;
			};
			name = Release;
		};
		D14FB2FF223779020042C4B3 /* Debug */ = {
			isa = XCBuildConfiguration;
			buildSettings = {
				ASSETCATALOG_COMPILER_APPICON_NAME = AppIcon;
				CLANG_ENABLE_MODULES = YES;
				CODE_SIGN_STYLE = Automatic;
				DEVELOPMENT_TEAM = 4C885VZSZL;
				INFOPLIST_FILE = AudioRender/Info.plist;
				IPHONEOS_DEPLOYMENT_TARGET = 10.0;
				LD_RUNPATH_SEARCH_PATHS = (
					"$(inherited)",
					"@executable_path/Frameworks",
				);
				PRODUCT_BUNDLE_IDENTIFIER = "com.ekko-tech.AudioRender";
				PRODUCT_NAME = "$(TARGET_NAME)";
				SWIFT_OBJC_BRIDGING_HEADER = "AudioRender/Utilities/AudioRender-Bridging-Header.h";
				SWIFT_OPTIMIZATION_LEVEL = "-Onone";
				SWIFT_VERSION = 4.2;
				TARGETED_DEVICE_FAMILY = "1,2";
			};
			name = Debug;
		};
		D14FB300223779020042C4B3 /* Release */ = {
			isa = XCBuildConfiguration;
			buildSettings = {
				ASSETCATALOG_COMPILER_APPICON_NAME = AppIcon;
				CLANG_ENABLE_MODULES = YES;
				CODE_SIGN_STYLE = Automatic;
				DEVELOPMENT_TEAM = 4C885VZSZL;
				INFOPLIST_FILE = AudioRender/Info.plist;
				IPHONEOS_DEPLOYMENT_TARGET = 10.0;
				LD_RUNPATH_SEARCH_PATHS = (
					"$(inherited)",
					"@executable_path/Frameworks",
				);
				PRODUCT_BUNDLE_IDENTIFIER = "com.ekko-tech.AudioRender";
				PRODUCT_NAME = "$(TARGET_NAME)";
				SWIFT_OBJC_BRIDGING_HEADER = "AudioRender/Utilities/AudioRender-Bridging-Header.h";
				SWIFT_VERSION = 4.2;
				TARGETED_DEVICE_FAMILY = "1,2";
			};
			name = Release;
		};
		D14FB302223779020042C4B3 /* Debug */ = {
			isa = XCBuildConfiguration;
			buildSettings = {
				ALWAYS_EMBED_SWIFT_STANDARD_LIBRARIES = YES;
				BUNDLE_LOADER = "$(TEST_HOST)";
				CLANG_ENABLE_MODULES = YES;
				CODE_SIGN_STYLE = Automatic;
				DEVELOPMENT_TEAM = 4C885VZSZL;
				INFOPLIST_FILE = AudioRenderTests/Info.plist;
				LD_RUNPATH_SEARCH_PATHS = (
					"$(inherited)",
					"@executable_path/Frameworks",
					"@loader_path/Frameworks",
				);
				PRODUCT_BUNDLE_IDENTIFIER = "com.ekko-tech.AudioRenderTests";
				PRODUCT_NAME = "$(TARGET_NAME)";
				SWIFT_OBJC_BRIDGING_HEADER = "AudioRender/Utilities/AudioRenderTests-Bridging-Header.h";
				SWIFT_OPTIMIZATION_LEVEL = "-Onone";
				SWIFT_VERSION = 4.2;
				TARGETED_DEVICE_FAMILY = "1,2";
				TEST_HOST = "$(BUILT_PRODUCTS_DIR)/AudioRender.app/AudioRender";
			};
			name = Debug;
		};
		D14FB303223779020042C4B3 /* Release */ = {
			isa = XCBuildConfiguration;
			buildSettings = {
				ALWAYS_EMBED_SWIFT_STANDARD_LIBRARIES = YES;
				BUNDLE_LOADER = "$(TEST_HOST)";
				CLANG_ENABLE_MODULES = YES;
				CODE_SIGN_STYLE = Automatic;
				DEVELOPMENT_TEAM = 4C885VZSZL;
				INFOPLIST_FILE = AudioRenderTests/Info.plist;
				LD_RUNPATH_SEARCH_PATHS = (
					"$(inherited)",
					"@executable_path/Frameworks",
					"@loader_path/Frameworks",
				);
				PRODUCT_BUNDLE_IDENTIFIER = "com.ekko-tech.AudioRenderTests";
				PRODUCT_NAME = "$(TARGET_NAME)";
				SWIFT_OBJC_BRIDGING_HEADER = "AudioRender/Utilities/AudioRenderTests-Bridging-Header.h";
				SWIFT_VERSION = 4.2;
				TARGETED_DEVICE_FAMILY = "1,2";
				TEST_HOST = "$(BUILT_PRODUCTS_DIR)/AudioRender.app/AudioRender";
			};
			name = Release;
		};
		D14FB305223779020042C4B3 /* Debug */ = {
			isa = XCBuildConfiguration;
			buildSettings = {
				ALWAYS_EMBED_SWIFT_STANDARD_LIBRARIES = YES;
				CODE_SIGN_STYLE = Automatic;
				DEVELOPMENT_TEAM = 4C885VZSZL;
				INFOPLIST_FILE = AudioRenderUITests/Info.plist;
				LD_RUNPATH_SEARCH_PATHS = (
					"$(inherited)",
					"@executable_path/Frameworks",
					"@loader_path/Frameworks",
				);
				PRODUCT_BUNDLE_IDENTIFIER = "com.ekko-tech.AudioRenderUITests";
				PRODUCT_NAME = "$(TARGET_NAME)";
				SWIFT_VERSION = 4.2;
				TARGETED_DEVICE_FAMILY = "1,2";
				TEST_TARGET_NAME = AudioRender;
			};
			name = Debug;
		};
		D14FB306223779020042C4B3 /* Release */ = {
			isa = XCBuildConfiguration;
			buildSettings = {
				ALWAYS_EMBED_SWIFT_STANDARD_LIBRARIES = YES;
				CODE_SIGN_STYLE = Automatic;
				DEVELOPMENT_TEAM = 4C885VZSZL;
				INFOPLIST_FILE = AudioRenderUITests/Info.plist;
				LD_RUNPATH_SEARCH_PATHS = (
					"$(inherited)",
					"@executable_path/Frameworks",
					"@loader_path/Frameworks",
				);
				PRODUCT_BUNDLE_IDENTIFIER = "com.ekko-tech.AudioRenderUITests";
				PRODUCT_NAME = "$(TARGET_NAME)";
				SWIFT_VERSION = 4.2;
				TARGETED_DEVICE_FAMILY = "1,2";
				TEST_TARGET_NAME = AudioRender;
			};
			name = Release;
		};
/* End XCBuildConfiguration section */

/* Begin XCConfigurationList section */
		D14FB2D1223779000042C4B3 /* Build configuration list for PBXProject "AudioRender" */ = {
			isa = XCConfigurationList;
			buildConfigurations = (
				D14FB2FC223779020042C4B3 /* Debug */,
				D14FB2FD223779020042C4B3 /* Release */,
			);
			defaultConfigurationIsVisible = 0;
			defaultConfigurationName = Release;
		};
		D14FB2FE223779020042C4B3 /* Build configuration list for PBXNativeTarget "AudioRender" */ = {
			isa = XCConfigurationList;
			buildConfigurations = (
				D14FB2FF223779020042C4B3 /* Debug */,
				D14FB300223779020042C4B3 /* Release */,
			);
			defaultConfigurationIsVisible = 0;
			defaultConfigurationName = Release;
		};
		D14FB301223779020042C4B3 /* Build configuration list for PBXNativeTarget "AudioRenderTests" */ = {
			isa = XCConfigurationList;
			buildConfigurations = (
				D14FB302223779020042C4B3 /* Debug */,
				D14FB303223779020042C4B3 /* Release */,
			);
			defaultConfigurationIsVisible = 0;
			defaultConfigurationName = Release;
		};
		D14FB304223779020042C4B3 /* Build configuration list for PBXNativeTarget "AudioRenderUITests" */ = {
			isa = XCConfigurationList;
			buildConfigurations = (
				D14FB305223779020042C4B3 /* Debug */,
				D14FB306223779020042C4B3 /* Release */,
			);
			defaultConfigurationIsVisible = 0;
			defaultConfigurationName = Release;
		};
/* End XCConfigurationList section */
	};
	rootObject = D14FB2CE223779000042C4B3 /* Project object */;
}
